
Microsoft Visual Studio Solution File, Format Version 12.00
# Visual Studio Version 16
VisualStudioVersion = 16.0.34601.136
MinimumVisualStudioVersion = 10.0.40219.1
Project("{FAE04EC0-301F-11D3-BF4B-00C04F79EFBC}") = "Registration_form", "Registration_form\Registration_form.csproj", "{18D90866-FAB5-4625-89DE-4098B446933F}"
EndProject
Global
	GlobalSection(SolutionConfigurationPlatforms) = preSolution
		Debug|Any CPU = Debug|Any CPU
		Release|Any CPU = Release|Any CPU
	EndGlobalSection
	GlobalSection(ProjectConfigurationPlatforms) = postSolution
		{18D90866-FAB5-4625-89DE-4098B446933F}.Debug|Any CPU.ActiveCfg = Debug|Any CPU
		{18D90866-FAB5-4625-89DE-4098B446933F}.Debug|Any CPU.Build.0 = Debug|Any CPU
		{18D90866-FAB5-4625-89DE-4098B446933F}.Release|Any CPU.ActiveCfg = Release|Any CPU
		{18D90866-FAB5-4625-89DE-4098B446933F}.Release|Any CPU.Build.0 = Release|Any CPU
	EndGlobalSection
	GlobalSection(SolutionProperties) = preSolution
		HideSolutionNode = FALSE
	EndGlobalSection
	GlobalSection(ExtensibilityGlobals) = postSolution
		SolutionGuid = {0AE6828F-A098-440F-B321-6C683C22BBB7}
	EndGlobalSection
EndGlobal
